{
  "version": 4,
  "terraform_version": "1.3.6",
  "serial": 55,
  "lineage": "83f3b80d-c4d9-0812-bfc8-55038038adfa",
  "outputs": {},
  "resources": [
    {
      "mode": "managed",
      "type": "azurerm_lb",
      "name": "vmudacity",
      "provider": "provider[\"registry.terraform.io/hashicorp/azurerm\"]",
      "instances": [
        {
          "schema_version": 0,
          "attributes": {
            "edge_zone": "",
            "frontend_ip_configuration": [
              {
                "gateway_load_balancer_frontend_ip_configuration_id": "",
                "id": "/subscriptions/5f1971ba-26b5-4b3b-afe4-2b27f7861142/resourceGroups/myResourceGroup/providers/Microsoft.Network/loadBalancers/vmudacity-lb/frontendIPConfigurations/PublicIPAddress",
                "inbound_nat_rules": [],
                "load_balancer_rules": [
                  "/subscriptions/5f1971ba-26b5-4b3b-afe4-2b27f7861142/resourceGroups/myResourceGroup/providers/Microsoft.Network/loadBalancers/vmudacity-lb/loadBalancingRules/http"
                ],
                "name": "PublicIPAddress",
                "outbound_rules": [],
                "private_ip_address": "",
                "private_ip_address_allocation": "Dynamic",
                "private_ip_address_version": "",
                "public_ip_address_id": "/subscriptions/5f1971ba-26b5-4b3b-afe4-2b27f7861142/resourceGroups/myResourceGroup/providers/Microsoft.Network/publicIPAddresses/vmudacity-public-ip",
                "public_ip_prefix_id": "",
                "subnet_id": "",
                "zones": []
              }
            ],
            "id": "/subscriptions/5f1971ba-26b5-4b3b-afe4-2b27f7861142/resourceGroups/myResourceGroup/providers/Microsoft.Network/loadBalancers/vmudacity-lb",
            "location": "eastus",
            "name": "vmudacity-lb",
            "private_ip_address": "",
            "private_ip_addresses": [],
            "resource_group_name": "myResourceGroup",
            "sku": "Basic",
            "sku_tier": "Regional",
            "tags": {
              "environment": "codelab"
            },
            "timeouts": null
          },
          "sensitive_attributes": [],
          "private": "eyJlMmJmYjczMC1lY2FhLTExZTYtOGY4OC0zNDM2M2JjN2M0YzAiOnsiY3JlYXRlIjoxODAwMDAwMDAwMDAwLCJkZWxldGUiOjE4MDAwMDAwMDAwMDAsInJlYWQiOjMwMDAwMDAwMDAwMCwidXBkYXRlIjoxODAwMDAwMDAwMDAwfX0=",
          "dependencies": [
            "azurerm_public_ip.vmudacity",
            "azurerm_resource_group.vmudacity",
            "random_string.fqdn"
          ]
        }
      ]
    },
    {
      "mode": "managed",
      "type": "azurerm_lb_backend_address_pool",
      "name": "bpepool",
      "provider": "provider[\"registry.terraform.io/hashicorp/azurerm\"]",
      "instances": [
        {
          "schema_version": 0,
          "attributes": {
            "backend_ip_configurations": [
              "/subscriptions/5f1971ba-26b5-4b3b-afe4-2b27f7861142/resourceGroups/myResourceGroup/providers/Microsoft.Network/networkInterfaces/vmudacitynic2/ipConfigurations/IPConfiguration",
              "/subscriptions/5f1971ba-26b5-4b3b-afe4-2b27f7861142/resourceGroups/myResourceGroup/providers/Microsoft.Network/networkInterfaces/vmudacitynic1/ipConfigurations/IPConfiguration",
              "/subscriptions/5f1971ba-26b5-4b3b-afe4-2b27f7861142/resourceGroups/myResourceGroup/providers/Microsoft.Network/networkInterfaces/vmudacitynic3/ipConfigurations/IPConfiguration"
            ],
            "id": "/subscriptions/5f1971ba-26b5-4b3b-afe4-2b27f7861142/resourceGroups/myResourceGroup/providers/Microsoft.Network/loadBalancers/vmudacity-lb/backendAddressPools/BackEndAddressPool",
            "inbound_nat_rules": [],
            "load_balancing_rules": [
              "/subscriptions/5f1971ba-26b5-4b3b-afe4-2b27f7861142/resourceGroups/myResourceGroup/providers/Microsoft.Network/loadBalancers/vmudacity-lb/loadBalancingRules/http"
            ],
            "loadbalancer_id": "/subscriptions/5f1971ba-26b5-4b3b-afe4-2b27f7861142/resourceGroups/myResourceGroup/providers/Microsoft.Network/loadBalancers/vmudacity-lb",
            "name": "BackEndAddressPool",
            "outbound_rules": [],
            "timeouts": null,
            "tunnel_interface": []
          },
          "sensitive_attributes": [],
          "private": "eyJlMmJmYjczMC1lY2FhLTExZTYtOGY4OC0zNDM2M2JjN2M0YzAiOnsiY3JlYXRlIjoxODAwMDAwMDAwMDAwLCJkZWxldGUiOjE4MDAwMDAwMDAwMDAsInJlYWQiOjMwMDAwMDAwMDAwMCwidXBkYXRlIjoxODAwMDAwMDAwMDAwfX0=",
          "dependencies": [
            "azurerm_lb.vmudacity",
            "azurerm_public_ip.vmudacity",
            "azurerm_resource_group.vmudacity",
            "random_string.fqdn"
          ]
        }
      ]
    },
    {
      "mode": "managed",
      "type": "azurerm_lb_rule",
      "name": "lbnatrule",
      "provider": "provider[\"registry.terraform.io/hashicorp/azurerm\"]",
      "instances": [
        {
          "schema_version": 0,
          "attributes": {
            "backend_address_pool_ids": [
              "/subscriptions/5f1971ba-26b5-4b3b-afe4-2b27f7861142/resourceGroups/myResourceGroup/providers/Microsoft.Network/loadBalancers/vmudacity-lb/backendAddressPools/BackEndAddressPool"
            ],
            "backend_port": 80,
            "disable_outbound_snat": false,
            "enable_floating_ip": false,
            "enable_tcp_reset": false,
            "frontend_ip_configuration_id": "/subscriptions/5f1971ba-26b5-4b3b-afe4-2b27f7861142/resourceGroups/myResourceGroup/providers/Microsoft.Network/loadBalancers/vmudacity-lb/frontendIPConfigurations/PublicIPAddress",
            "frontend_ip_configuration_name": "PublicIPAddress",
            "frontend_port": 80,
            "id": "/subscriptions/5f1971ba-26b5-4b3b-afe4-2b27f7861142/resourceGroups/myResourceGroup/providers/Microsoft.Network/loadBalancers/vmudacity-lb/loadBalancingRules/http",
            "idle_timeout_in_minutes": 4,
            "load_distribution": "Default",
            "loadbalancer_id": "/subscriptions/5f1971ba-26b5-4b3b-afe4-2b27f7861142/resourceGroups/myResourceGroup/providers/Microsoft.Network/loadBalancers/vmudacity-lb",
            "name": "http",
            "probe_id": "",
            "protocol": "Tcp",
            "timeouts": null
          },
          "sensitive_attributes": [],
          "private": "eyJlMmJmYjczMC1lY2FhLTExZTYtOGY4OC0zNDM2M2JjN2M0YzAiOnsiY3JlYXRlIjoxODAwMDAwMDAwMDAwLCJkZWxldGUiOjE4MDAwMDAwMDAwMDAsInJlYWQiOjMwMDAwMDAwMDAwMCwidXBkYXRlIjoxODAwMDAwMDAwMDAwfX0=",
          "dependencies": [
            "azurerm_lb.vmudacity",
            "azurerm_lb_backend_address_pool.bpepool",
            "azurerm_public_ip.vmudacity",
            "azurerm_resource_group.vmudacity",
            "random_string.fqdn"
          ]
        }
      ]
    },
    {
      "mode": "managed",
      "type": "azurerm_public_ip",
      "name": "vmudacity",
      "provider": "provider[\"registry.terraform.io/hashicorp/azurerm\"]",
      "instances": [
        {
          "schema_version": 0,
          "attributes": {
            "allocation_method": "Static",
            "ddos_protection_mode": "VirtualNetworkInherited",
            "ddos_protection_plan_id": null,
            "domain_name_label": "zeksdt",
            "edge_zone": "",
            "fqdn": "zeksdt.eastus.cloudapp.azure.com",
            "id": "/subscriptions/5f1971ba-26b5-4b3b-afe4-2b27f7861142/resourceGroups/myResourceGroup/providers/Microsoft.Network/publicIPAddresses/vmudacity-public-ip",
            "idle_timeout_in_minutes": 4,
            "ip_address": "20.231.36.40",
            "ip_tags": {},
            "ip_version": "IPv4",
            "location": "eastus",
            "name": "vmudacity-public-ip",
            "public_ip_prefix_id": null,
            "resource_group_name": "myResourceGroup",
            "reverse_fqdn": "",
            "sku": "Basic",
            "sku_tier": "Regional",
            "tags": {
              "environment": "codelab"
            },
            "timeouts": null,
            "zones": []
          },
          "sensitive_attributes": [],
          "private": "eyJlMmJmYjczMC1lY2FhLTExZTYtOGY4OC0zNDM2M2JjN2M0YzAiOnsiY3JlYXRlIjoxODAwMDAwMDAwMDAwLCJkZWxldGUiOjE4MDAwMDAwMDAwMDAsInJlYWQiOjMwMDAwMDAwMDAwMCwidXBkYXRlIjoxODAwMDAwMDAwMDAwfX0=",
          "dependencies": [
            "azurerm_resource_group.vmudacity",
            "random_string.fqdn"
          ]
        }
      ]
    },
    {
      "mode": "managed",
      "type": "azurerm_resource_group",
      "name": "vmudacity",
      "provider": "provider[\"registry.terraform.io/hashicorp/azurerm\"]",
      "instances": [
        {
          "schema_version": 0,
          "attributes": {
            "id": "/subscriptions/5f1971ba-26b5-4b3b-afe4-2b27f7861142/resourceGroups/myResourceGroup",
            "location": "eastus",
            "name": "myResourceGroup",
            "tags": {
              "environment": "codelab"
            },
            "timeouts": null
          },
          "sensitive_attributes": [],
          "private": "eyJlMmJmYjczMC1lY2FhLTExZTYtOGY4OC0zNDM2M2JjN2M0YzAiOnsiY3JlYXRlIjo1NDAwMDAwMDAwMDAwLCJkZWxldGUiOjU0MDAwMDAwMDAwMDAsInJlYWQiOjMwMDAwMDAwMDAwMCwidXBkYXRlIjo1NDAwMDAwMDAwMDAwfX0="
        }
      ]
    },
    {
      "mode": "managed",
      "type": "random_string",
      "name": "fqdn",
      "provider": "provider[\"registry.terraform.io/hashicorp/random\"]",
      "instances": [
        {
          "schema_version": 2,
          "attributes": {
            "id": "zeksdt",
            "keepers": null,
            "length": 6,
            "lower": true,
            "min_lower": 0,
            "min_numeric": 0,
            "min_special": 0,
            "min_upper": 0,
            "number": false,
            "numeric": false,
            "override_special": null,
            "result": "zeksdt",
            "special": false,
            "upper": false
          },
          "sensitive_attributes": []
        }
      ]
    }
  ],
  "check_results": null
}
